{
  "version": 4,
  "terraform_version": "1.4.2",
  "serial": 3,
  "lineage": "776713a3-d144-e105-e69b-eece0df40431",
  "outputs": {
    "rand-str": {
      "value": [
        "b3ieg4JfD7ISN-y9"
      ],
      "type": [
        "tuple",
        [
          "string"
        ]
      ]
    }
  },
  "resources": [
    {
      "mode": "managed",
      "type": "local_file",
      "name": "devops",
      "provider": "provider[\"registry.terraform.io/hashicorp/local\"]",
      "instances": [
        {
          "schema_version": 0,
          "attributes": {
            "content": " i want a become a devops engineer ",
            "content_base64": null,
            "content_base64sha256": "yXEyQsgHDqKHpiWu9Yfe5GfzgacvvMFjCPOP0wwS3sg=",
            "content_base64sha512": "inGGoA1h/GMrlN5y3PP6usOF0OwsxAvx7iq+36/cIq7muiDDgXHeyOzkbao+NoF4XovNV4/goVM1Uegw+kCeEA==",
            "content_md5": "2cd9a2dd59811ee3dedcb8d7a8e94cbf",
            "content_sha1": "dbb782842acae91b1910d8909393525903182190",
            "content_sha256": "c9713242c8070ea287a625aef587dee467f381a72fbcc16308f38fd30c12dec8",
            "content_sha512": "8a7186a00d61fc632b94de72dcf3fabac385d0ec2cc40bf1ee2abedfafdc22aee6ba20c38171dec8ece46daa3e3681785e8bcd578fe0a1533551e830fa409e10",
            "directory_permission": "0777",
            "file_permission": "0777",
            "filename": "/home/ubuntu/terraform-course/terraform-local/devops_automated.txt",
            "id": "dbb782842acae91b1910d8909393525903182190",
            "sensitive_content": null,
            "source": null
          },
          "sensitive_attributes": []
        }
      ]
    },
    {
      "mode": "managed",
      "type": "random_string",
      "name": "rand-str",
      "provider": "provider[\"registry.terraform.io/hashicorp/random\"]",
      "instances": [
        {
          "schema_version": 2,
          "attributes": {
            "id": "b3ieg4JfD7ISN-y9",
            "keepers": null,
            "length": 16,
            "lower": true,
            "min_lower": 0,
            "min_numeric": 0,
            "min_special": 0,
            "min_upper": 0,
            "number": true,
            "numeric": true,
            "override_special": "!#$%\u0026*()-_=+[]{}\u003c\u003e:?",
            "result": "b3ieg4JfD7ISN-y9",
            "special": true,
            "upper": true
          },
          "sensitive_attributes": []
        }
      ]
    }
  ],
  "check_results": null
}
