{
  "version": 4,
  "terraform_version": "1.4.2",
  "serial": 45,
  "lineage": "bd983f29-5f5d-b8f3-d31e-fa4b8d0009ab",
  "outputs": {
    "devops_trainer": {
      "value": "yes",
      "type": "string"
    }
  },
  "resources": [
    {
      "mode": "managed",
      "type": "local_file",
      "name": "devops",
      "provider": "provider[\"registry.terraform.io/hashicorp/local\"]",
      "instances": [
        {
          "schema_version": 0,
          "attributes": {
            "content": "this is cool content 1",
            "content_base64": null,
            "content_base64sha256": "nixzkoK7twSWfzzW1aGPH/PZGQDqjosNadZBG8aj+yc=",
            "content_base64sha512": "382GWbVF8FuF7YxGsWDkixZRFMxfBeLMpkFoM1+HTmZe2srnNqVVooQoWff4Bu0pX7VKtQLx17UsjTivf6HHKg==",
            "content_md5": "950290f2fe2478d0f0a29ddfd3c039ff",
            "content_sha1": "77641902edf72dd469c0e19ff13bdb582b345742",
            "content_sha256": "9e2c739282bbb704967f3cd6d5a18f1ff3d91900ea8e8b0d69d6411bc6a3fb27",
            "content_sha512": "dfcd8659b545f05b85ed8c46b160e48b165114cc5f05e2cca64168335f874e665edacae736a555a2842859f7f806ed295fb54ab502f1d7b52c8d38af7fa1c72a",
            "directory_permission": "0777",
            "file_permission": "0777",
            "filename": "/home/ubuntu/terraform-course/terraform-variables/devops.test.txt",
            "id": "77641902edf72dd469c0e19ff13bdb582b345742",
            "sensitive_content": null,
            "source": null
          },
          "sensitive_attributes": []
        }
      ]
    },
    {
      "mode": "managed",
      "type": "local_file",
      "name": "devops-var",
      "provider": "provider[\"registry.terraform.io/hashicorp/local\"]",
      "instances": [
        {
          "schema_version": 0,
          "attributes": {
            "content": "this is cooler content 2",
            "content_base64": null,
            "content_base64sha256": "G29F0SUQHCZXfBEvIJdRjV3P/sr90OEmA8UtVm4XFFI=",
            "content_base64sha512": "flXwf2RZ0qbuShbwxBPp6ERi4uSIUN5JrLPxonz4UqjEKznwUHV2Mrn+FXW6ARfbNP1B5upxW0QlILmlEd27jQ==",
            "content_md5": "97ab89ce568b3cb2f482782bf6bee1aa",
            "content_sha1": "3b9e378c6b519372a53a8becdafded5384bad567",
            "content_sha256": "1b6f45d125101c26577c112f2097518d5dcffecafdd0e12603c52d566e171452",
            "content_sha512": "7e55f07f6459d2a6ee4a16f0c413e9e84462e2e48850de49acb3f1a27cf852a8c42b39f050757632b9fe1575ba0117db34fd41e6ea715b442520b9a511ddbb8d",
            "directory_permission": "0777",
            "file_permission": "0777",
            "filename": "/home/ubuntu/terraform-course/terraform-variables/devops-automated.txt",
            "id": "3b9e378c6b519372a53a8becdafded5384bad567",
            "sensitive_content": null,
            "source": null
          },
          "sensitive_attributes": []
        }
      ]
    }
  ],
  "check_results": null
}
